<?xml version="1.0" encoding="UTF-8"?>
<Scheme
   LastUpgradeVersion = "1120"
   version = "1.3">
   <BuildAction
      parallelizeBuildables = "YES"
      buildImplicitDependencies = "YES">
      <PostActions>
         <ExecutionAction
            ActionType = "Xcode.IDEStandardExecutionActionsCore.ExecutionActionType.ShellScriptAction">
            <ActionContent
               title = "Run Script"
               scriptText = "# Type a script or drag a script file from your workspace to insert its path.&#10;cp /Users/gjun/Library/Developer/Xcode/DerivedData/muCNV-acfocwohuaiqxqcshrnopqlmrhom/Build/Products/Debug/muCNV /User/gjun/bin/&#10;">
            </ActionContent>
         </ExecutionAction>
      </PostActions>
      <BuildActionEntries>
         <BuildActionEntry
            buildForTesting = "YES"
            buildForRunning = "YES"
            buildForProfiling = "YES"
            buildForArchiving = "YES"
            buildForAnalyzing = "YES">
            <BuildableReference
               BuildableIdentifier = "primary"
               BlueprintIdentifier = "F138FD781CAD744A00CD5539"
               BuildableName = "muCNV"
               BlueprintName = "muCNV"
               ReferencedContainer = "container:muCNV.xcodeproj">
            </BuildableReference>
         </BuildActionEntry>
      </BuildActionEntries>
   </BuildAction>
   <TestAction
      buildConfiguration = "Debug"
      selectedDebuggerIdentifier = "Xcode.DebuggerFoundation.Debugger.LLDB"
      selectedLauncherIdentifier = "Xcode.DebuggerFoundation.Launcher.LLDB"
      shouldUseLaunchSchemeArgsEnv = "YES">
      <MacroExpansion>
         <BuildableReference
            BuildableIdentifier = "primary"
            BlueprintIdentifier = "F138FD781CAD744A00CD5539"
            BuildableName = "muCNV"
            BlueprintName = "muCNV"
            ReferencedContainer = "container:muCNV.xcodeproj">
         </BuildableReference>
      </MacroExpansion>
      <Testables>
      </Testables>
   </TestAction>
   <LaunchAction
      buildConfiguration = "Debug"
      selectedDebuggerIdentifier = "Xcode.DebuggerFoundation.Debugger.LLDB"
      selectedLauncherIdentifier = "Xcode.DebuggerFoundation.Launcher.LLDB"
      launchStyle = "0"
      useCustomWorkingDirectory = "NO"
      ignoresPersistentStateOnLaunch = "NO"
      debugDocumentVersioning = "YES"
      debugServiceExtension = "internal"
      allowLocationSimulation = "YES">
      <BuildableProductRunnable
         runnableDebuggingMode = "0">
         <BuildableReference
            BuildableIdentifier = "primary"
            BlueprintIdentifier = "F138FD781CAD744A00CD5539"
            BuildableName = "muCNV"
            BlueprintName = "muCNV"
            ReferencedContainer = "container:muCNV.xcodeproj">
         </BuildableReference>
      </BuildableProductRunnable>
      <CommandLineArguments>
         <CommandLineArgument
            argument = "pileup -b /Users/gjun/data/crams/HG002_0038.chr20.cram"
            isEnabled = "YES">
         </CommandLineArgument>
         <CommandLineArgument
            argument = "-V /Users/gjun/data/vcfs/35K.merged.withXY.interval"
            isEnabled = "YES">
         </CommandLineArgument>
         <CommandLineArgument
            argument = "-o /Users/gjun/data/pileup/"
            isEnabled = "YES">
         </CommandLineArgument>
         <CommandLineArgument
            argument = "-s HG002_0038_test"
            isEnabled = "YES">
         </CommandLineArgument>
         <CommandLineArgument
            argument = "-f /Users/gjun/code/mucnv/resource/GRCh38.v2.gc"
            isEnabled = "YES">
         </CommandLineArgument>
         <CommandLineArgument
            argument = "-c 20"
            isEnabled = "NO">
         </CommandLineArgument>
      </CommandLineArguments>
   </LaunchAction>
   <ProfileAction
      buildConfiguration = "Release"
      shouldUseLaunchSchemeArgsEnv = "YES"
      savedToolIdentifier = ""
      useCustomWorkingDirectory = "NO"
      debugDocumentVersioning = "YES">
      <BuildableProductRunnable
         runnableDebuggingMode = "0">
         <BuildableReference
            BuildableIdentifier = "primary"
            BlueprintIdentifier = "F138FD781CAD744A00CD5539"
            BuildableName = "muCNV"
            BlueprintName = "muCNV"
            ReferencedContainer = "container:muCNV.xcodeproj">
         </BuildableReference>
      </BuildableProductRunnable>
   </ProfileAction>
   <AnalyzeAction
      buildConfiguration = "Debug">
   </AnalyzeAction>
   <ArchiveAction
      buildConfiguration = "Release"
      revealArchiveInOrganizer = "YES">
   </ArchiveAction>
</Scheme>
