// !$*UTF8*$!
{
	archiveVersion = 1;
	classes = {
	};
	objectVersion = 48;
	objects = {

/* Begin PBXBuildFile section */
		F119BC73216EB0FD000F1724 /* libhts.a in Frameworks */ = {isa = PBXBuildFile; fileRef = F129E10D1EF90129007793FB /* libhts.a */; };
		F13828731FCF36CC003ADE67 /* bam_cram.cpp in Sources */ = {isa = PBXBuildFile; fileRef = F13828721FCF36CC003ADE67 /* bam_cram.cpp */; };
		F138FD7D1CAD744A00CD5539 /* main.cpp in Sources */ = {isa = PBXBuildFile; fileRef = F138FD7C1CAD744A00CD5539 /* main.cpp */; };
		F138FD8B1CAD74EE00CD5539 /* cluster.cpp in Sources */ = {isa = PBXBuildFile; fileRef = F138FD831CAD74EE00CD5539 /* cluster.cpp */; };
		F138FD8C1CAD74EE00CD5539 /* common.cpp in Sources */ = {isa = PBXBuildFile; fileRef = F138FD841CAD74EE00CD5539 /* common.cpp */; };
		F138FD8F1CAD74EE00CD5539 /* Error.cpp in Sources */ = {isa = PBXBuildFile; fileRef = F138FD871CAD74EE00CD5539 /* Error.cpp */; };
		F138FD901CAD74EE00CD5539 /* in_vcf.cpp in Sources */ = {isa = PBXBuildFile; fileRef = F138FD891CAD74EE00CD5539 /* in_vcf.cpp */; };
		F194ED351F25A41400489E0C /* genotyper.cpp in Sources */ = {isa = PBXBuildFile; fileRef = F194ED341F25A41400489E0C /* genotyper.cpp */; };
		F194ED371F25B3C900489E0C /* sv.cpp in Sources */ = {isa = PBXBuildFile; fileRef = F194ED361F25B3C900489E0C /* sv.cpp */; };
		F194ED391F2623BB00489E0C /* out_vcf.cpp in Sources */ = {isa = PBXBuildFile; fileRef = F194ED381F2623BB00489E0C /* out_vcf.cpp */; };
		F194ED3B1F2708CC00489E0C /* gaussian.cpp in Sources */ = {isa = PBXBuildFile; fileRef = F194ED3A1F2708CC00489E0C /* gaussian.cpp */; };
		F1DB7AD6219B7D7500CCA521 /* pileup.cpp in Sources */ = {isa = PBXBuildFile; fileRef = F1DB7AD5219B7D7500CCA521 /* pileup.cpp */; };
		F1FE1D90214F710F005673D3 /* gc_content.cpp in Sources */ = {isa = PBXBuildFile; fileRef = F1FE1D8F214F710F005673D3 /* gc_content.cpp */; };
		F1FEF25621A79495007EF4D7 /* main_pileup.cpp in Sources */ = {isa = PBXBuildFile; fileRef = F1FEF25521A79495007EF4D7 /* main_pileup.cpp */; };
		F1FEF25821A796E3007EF4D7 /* main_vcf_to_int.cpp in Sources */ = {isa = PBXBuildFile; fileRef = F1FEF25721A796E3007EF4D7 /* main_vcf_to_int.cpp */; };
		F1FEF25A21A8A8ED007EF4D7 /* main_genotype.cpp in Sources */ = {isa = PBXBuildFile; fileRef = F1FEF25921A8A8ED007EF4D7 /* main_genotype.cpp */; };
		F1FEF25D21A8ABAE007EF4D7 /* main_print_pileup.cpp in Sources */ = {isa = PBXBuildFile; fileRef = F1FEF25B21A8ABAE007EF4D7 /* main_print_pileup.cpp */; };
		F1FEF25F21A9D0B8007EF4D7 /* main_filter.cpp in Sources */ = {isa = PBXBuildFile; fileRef = F1FEF25E21A9D0B8007EF4D7 /* main_filter.cpp */; };
		F1FEF26121A9D320007EF4D7 /* main_merge_pileup.cpp in Sources */ = {isa = PBXBuildFile; fileRef = F1FEF26021A9D320007EF4D7 /* main_merge_pileup.cpp */; };
		F1FEF26321A9F207007EF4D7 /* main_gcidx.cpp in Sources */ = {isa = PBXBuildFile; fileRef = F1FEF26221A9F207007EF4D7 /* main_gcidx.cpp */; };
		F1FEF26621AB0DFD007EF4D7 /* data_reader.cpp in Sources */ = {isa = PBXBuildFile; fileRef = F1FEF26421AB0DFD007EF4D7 /* data_reader.cpp */; };
		F1FEF26921AB12CF007EF4D7 /* base_file.cpp in Sources */ = {isa = PBXBuildFile; fileRef = F1FEF26721AB12CF007EF4D7 /* base_file.cpp */; };
		F1FEF27121B609B8007EF4D7 /* gaussian_mixture.cpp in Sources */ = {isa = PBXBuildFile; fileRef = F1FEF26F21B609B8007EF4D7 /* gaussian_mixture.cpp */; };
/* End PBXBuildFile section */

/* Begin PBXCopyFilesBuildPhase section */
		F138FD771CAD744A00CD5539 /* CopyFiles */ = {
			isa = PBXCopyFilesBuildPhase;
			buildActionMask = 2147483647;
			dstPath = /usr/share/man/man1/;
			dstSubfolderSpec = 0;
			files = (
			);
			runOnlyForDeploymentPostprocessing = 1;
		};
/* End PBXCopyFilesBuildPhase section */

/* Begin PBXFileReference section */
		F129E10D1EF90129007793FB /* libhts.a */ = {isa = PBXFileReference; lastKnownFileType = archive.ar; name = libhts.a; path = lib/libhts.a; sourceTree = "<group>"; };
		F129E10F1EF901CA007793FB /* liblzma.tbd */ = {isa = PBXFileReference; lastKnownFileType = "sourcecode.text-based-dylib-definition"; name = liblzma.tbd; path = usr/lib/liblzma.tbd; sourceTree = SDKROOT; };
		F129E1111EF901D2007793FB /* libcurl.tbd */ = {isa = PBXFileReference; lastKnownFileType = "sourcecode.text-based-dylib-definition"; name = libcurl.tbd; path = usr/lib/libcurl.tbd; sourceTree = SDKROOT; };
		F13828721FCF36CC003ADE67 /* bam_cram.cpp */ = {isa = PBXFileReference; lastKnownFileType = sourcecode.cpp.cpp; path = bam_cram.cpp; sourceTree = "<group>"; };
		F138FD791CAD744A00CD5539 /* muCNV */ = {isa = PBXFileReference; explicitFileType = "compiled.mach-o.executable"; includeInIndex = 0; path = muCNV; sourceTree = BUILT_PRODUCTS_DIR; };
		F138FD7C1CAD744A00CD5539 /* main.cpp */ = {isa = PBXFileReference; lastKnownFileType = sourcecode.cpp.cpp; path = main.cpp; sourceTree = "<group>"; };
		F138FD831CAD74EE00CD5539 /* cluster.cpp */ = {isa = PBXFileReference; fileEncoding = 4; lastKnownFileType = sourcecode.cpp.cpp; path = cluster.cpp; sourceTree = "<group>"; };
		F138FD841CAD74EE00CD5539 /* common.cpp */ = {isa = PBXFileReference; fileEncoding = 4; lastKnownFileType = sourcecode.cpp.cpp; path = common.cpp; sourceTree = "<group>"; };
		F138FD871CAD74EE00CD5539 /* Error.cpp */ = {isa = PBXFileReference; fileEncoding = 4; lastKnownFileType = sourcecode.cpp.cpp; path = Error.cpp; sourceTree = "<group>"; };
		F138FD881CAD74EE00CD5539 /* Error.h */ = {isa = PBXFileReference; fileEncoding = 4; lastKnownFileType = sourcecode.c.h; path = Error.h; sourceTree = "<group>"; };
		F138FD891CAD74EE00CD5539 /* in_vcf.cpp */ = {isa = PBXFileReference; fileEncoding = 4; lastKnownFileType = sourcecode.cpp.cpp; path = in_vcf.cpp; sourceTree = "<group>"; };
		F138FD8A1CAD74EE00CD5539 /* common.h */ = {isa = PBXFileReference; fileEncoding = 4; lastKnownFileType = sourcecode.c.h; path = common.h; sourceTree = "<group>"; };
		F138FD911CAD74F600CD5539 /* pException.h */ = {isa = PBXFileReference; fileEncoding = 4; lastKnownFileType = sourcecode.c.h; path = pException.h; sourceTree = "<group>"; };
		F138FDC21CAD7FB900CD5539 /* libz.tbd */ = {isa = PBXFileReference; lastKnownFileType = "sourcecode.text-based-dylib-definition"; name = libz.tbd; path = usr/lib/libz.tbd; sourceTree = SDKROOT; };
		F138FDC41CAD844700CD5539 /* Makefile */ = {isa = PBXFileReference; fileEncoding = 4; lastKnownFileType = sourcecode.make; path = Makefile; sourceTree = "<group>"; };
		F138FDC51CAD844700CD5539 /* README */ = {isa = PBXFileReference; fileEncoding = 4; lastKnownFileType = text; path = README; sourceTree = "<group>"; };
		F194ED341F25A41400489E0C /* genotyper.cpp */ = {isa = PBXFileReference; fileEncoding = 4; lastKnownFileType = sourcecode.cpp.cpp; path = genotyper.cpp; sourceTree = "<group>"; };
		F194ED361F25B3C900489E0C /* sv.cpp */ = {isa = PBXFileReference; fileEncoding = 4; lastKnownFileType = sourcecode.cpp.cpp; path = sv.cpp; sourceTree = "<group>"; };
		F194ED381F2623BB00489E0C /* out_vcf.cpp */ = {isa = PBXFileReference; fileEncoding = 4; lastKnownFileType = sourcecode.cpp.cpp; path = out_vcf.cpp; sourceTree = "<group>"; };
		F194ED3A1F2708CC00489E0C /* gaussian.cpp */ = {isa = PBXFileReference; fileEncoding = 4; lastKnownFileType = sourcecode.cpp.cpp; path = gaussian.cpp; sourceTree = "<group>"; };
		F1DB7AD5219B7D7500CCA521 /* pileup.cpp */ = {isa = PBXFileReference; lastKnownFileType = sourcecode.cpp.cpp; path = pileup.cpp; sourceTree = "<group>"; };
		F1DB7AD7219B7E6500CCA521 /* sv.h */ = {isa = PBXFileReference; lastKnownFileType = sourcecode.c.h; path = sv.h; sourceTree = "<group>"; };
		F1DB7AD8219B873A00CCA521 /* bam_cram.h */ = {isa = PBXFileReference; lastKnownFileType = sourcecode.c.h; path = bam_cram.h; sourceTree = "<group>"; };
		F1DB7AD9219B877600CCA521 /* pileup.h */ = {isa = PBXFileReference; lastKnownFileType = sourcecode.c.h; path = pileup.h; sourceTree = "<group>"; };
		F1DB7ADA219B896000CCA521 /* gc_content.h */ = {isa = PBXFileReference; lastKnownFileType = sourcecode.c.h; path = gc_content.h; sourceTree = "<group>"; };
		F1DB7ADE219B9BAB00CCA521 /* debug.h */ = {isa = PBXFileReference; lastKnownFileType = sourcecode.c.h; path = debug.h; sourceTree = "<group>"; };
		F1FE1D8F214F710F005673D3 /* gc_content.cpp */ = {isa = PBXFileReference; lastKnownFileType = sourcecode.cpp.cpp; path = gc_content.cpp; sourceTree = "<group>"; };
		F1FEF25521A79495007EF4D7 /* main_pileup.cpp */ = {isa = PBXFileReference; lastKnownFileType = sourcecode.cpp.cpp; path = main_pileup.cpp; sourceTree = "<group>"; };
		F1FEF25721A796E3007EF4D7 /* main_vcf_to_int.cpp */ = {isa = PBXFileReference; lastKnownFileType = sourcecode.cpp.cpp; path = main_vcf_to_int.cpp; sourceTree = "<group>"; };
		F1FEF25921A8A8ED007EF4D7 /* main_genotype.cpp */ = {isa = PBXFileReference; lastKnownFileType = sourcecode.cpp.cpp; path = main_genotype.cpp; sourceTree = "<group>"; };
		F1FEF25B21A8ABAE007EF4D7 /* main_print_pileup.cpp */ = {isa = PBXFileReference; lastKnownFileType = sourcecode.cpp.cpp; path = main_print_pileup.cpp; sourceTree = "<group>"; };
		F1FEF25E21A9D0B8007EF4D7 /* main_filter.cpp */ = {isa = PBXFileReference; lastKnownFileType = sourcecode.cpp.cpp; path = main_filter.cpp; sourceTree = "<group>"; };
		F1FEF26021A9D320007EF4D7 /* main_merge_pileup.cpp */ = {isa = PBXFileReference; lastKnownFileType = sourcecode.cpp.cpp; path = main_merge_pileup.cpp; sourceTree = "<group>"; };
		F1FEF26221A9F207007EF4D7 /* main_gcidx.cpp */ = {isa = PBXFileReference; lastKnownFileType = sourcecode.cpp.cpp; path = main_gcidx.cpp; sourceTree = "<group>"; };
		F1FEF26421AB0DFD007EF4D7 /* data_reader.cpp */ = {isa = PBXFileReference; lastKnownFileType = sourcecode.cpp.cpp; path = data_reader.cpp; sourceTree = "<group>"; };
		F1FEF26521AB0DFD007EF4D7 /* data_reader.h */ = {isa = PBXFileReference; lastKnownFileType = sourcecode.c.h; path = data_reader.h; sourceTree = "<group>"; };
		F1FEF26721AB12CF007EF4D7 /* base_file.cpp */ = {isa = PBXFileReference; lastKnownFileType = sourcecode.cpp.cpp; path = base_file.cpp; sourceTree = "<group>"; };
		F1FEF26821AB12CF007EF4D7 /* base_file.h */ = {isa = PBXFileReference; lastKnownFileType = sourcecode.c.h; path = base_file.h; sourceTree = "<group>"; };
		F1FEF26A21B5F840007EF4D7 /* gaussian.h */ = {isa = PBXFileReference; lastKnownFileType = sourcecode.c.h; path = gaussian.h; sourceTree = "<group>"; };
		F1FEF26B21B5FC2A007EF4D7 /* out_vcf.h */ = {isa = PBXFileReference; lastKnownFileType = sourcecode.c.h; path = out_vcf.h; sourceTree = "<group>"; };
		F1FEF26C21B5FCE3007EF4D7 /* in_vcf.h */ = {isa = PBXFileReference; lastKnownFileType = sourcecode.c.h; path = in_vcf.h; sourceTree = "<group>"; };
		F1FEF26D21B5FE38007EF4D7 /* genotyper.h */ = {isa = PBXFileReference; lastKnownFileType = sourcecode.c.h; path = genotyper.h; sourceTree = "<group>"; };
		F1FEF26E21B604BC007EF4D7 /* cluster.h */ = {isa = PBXFileReference; lastKnownFileType = sourcecode.c.h; path = cluster.h; sourceTree = "<group>"; };
		F1FEF26F21B609B8007EF4D7 /* gaussian_mixture.cpp */ = {isa = PBXFileReference; lastKnownFileType = sourcecode.cpp.cpp; path = gaussian_mixture.cpp; sourceTree = "<group>"; };
		F1FEF27021B609B8007EF4D7 /* gaussian_mixture.h */ = {isa = PBXFileReference; lastKnownFileType = sourcecode.c.h; path = gaussian_mixture.h; sourceTree = "<group>"; };
/* End PBXFileReference section */

/* Begin PBXFrameworksBuildPhase section */
		F138FD761CAD744A00CD5539 /* Frameworks */ = {
			isa = PBXFrameworksBuildPhase;
			buildActionMask = 2147483647;
			files = (
				F119BC73216EB0FD000F1724 /* libhts.a in Frameworks */,
			);
			runOnlyForDeploymentPostprocessing = 0;
		};
/* End PBXFrameworksBuildPhase section */

/* Begin PBXGroup section */
		F129E10C1EF90129007793FB /* Frameworks */ = {
			isa = PBXGroup;
			children = (
				F129E1111EF901D2007793FB /* libcurl.tbd */,
				F129E10F1EF901CA007793FB /* liblzma.tbd */,
				F129E10D1EF90129007793FB /* libhts.a */,
			);
			name = Frameworks;
			sourceTree = "<group>";
		};
		F138FD701CAD744A00CD5539 = {
			isa = PBXGroup;
			children = (
				F138FD7B1CAD744A00CD5539 /* muCNV */,
				F138FDC41CAD844700CD5539 /* Makefile */,
				F138FDC51CAD844700CD5539 /* README */,
				F138FDC21CAD7FB900CD5539 /* libz.tbd */,
				F138FD7A1CAD744A00CD5539 /* Products */,
				F129E10C1EF90129007793FB /* Frameworks */,
			);
			sourceTree = "<group>";
		};
		F138FD7A1CAD744A00CD5539 /* Products */ = {
			isa = PBXGroup;
			children = (
				F138FD791CAD744A00CD5539 /* muCNV */,
			);
			name = Products;
			sourceTree = "<group>";
		};
		F138FD7B1CAD744A00CD5539 /* muCNV */ = {
			isa = PBXGroup;
			children = (
				F1DB7AD8219B873A00CCA521 /* bam_cram.h */,
				F13828721FCF36CC003ADE67 /* bam_cram.cpp */,
				F1FEF26E21B604BC007EF4D7 /* cluster.h */,
				F138FD831CAD74EE00CD5539 /* cluster.cpp */,
				F138FD8A1CAD74EE00CD5539 /* common.h */,
				F138FD841CAD74EE00CD5539 /* common.cpp */,
				F138FD871CAD74EE00CD5539 /* Error.cpp */,
				F1DB7ADE219B9BAB00CCA521 /* debug.h */,
				F138FD881CAD74EE00CD5539 /* Error.h */,
				F138FD891CAD74EE00CD5539 /* in_vcf.cpp */,
				F1FEF26C21B5FCE3007EF4D7 /* in_vcf.h */,
				F194ED3A1F2708CC00489E0C /* gaussian.cpp */,
				F1FEF26A21B5F840007EF4D7 /* gaussian.h */,
				F1DB7ADA219B896000CCA521 /* gc_content.h */,
				F1FE1D8F214F710F005673D3 /* gc_content.cpp */,
				F1FEF27021B609B8007EF4D7 /* gaussian_mixture.h */,
				F1FEF26F21B609B8007EF4D7 /* gaussian_mixture.cpp */,
				F1FEF26D21B5FE38007EF4D7 /* genotyper.h */,
				F194ED341F25A41400489E0C /* genotyper.cpp */,
				F1FEF26521AB0DFD007EF4D7 /* data_reader.h */,
				F1FEF26421AB0DFD007EF4D7 /* data_reader.cpp */,
				F1FEF26821AB12CF007EF4D7 /* base_file.h */,
				F1FEF26721AB12CF007EF4D7 /* base_file.cpp */,
				F138FD7C1CAD744A00CD5539 /* main.cpp */,
				F1FEF25921A8A8ED007EF4D7 /* main_genotype.cpp */,
				F1FEF25B21A8ABAE007EF4D7 /* main_print_pileup.cpp */,
				F1FEF25521A79495007EF4D7 /* main_pileup.cpp */,
				F1FEF25E21A9D0B8007EF4D7 /* main_filter.cpp */,
				F1FEF25721A796E3007EF4D7 /* main_vcf_to_int.cpp */,
				F1FEF26021A9D320007EF4D7 /* main_merge_pileup.cpp */,
				F1FEF26221A9F207007EF4D7 /* main_gcidx.cpp */,
				F138FD911CAD74F600CD5539 /* pException.h */,
				F1DB7AD9219B877600CCA521 /* pileup.h */,
				F1DB7AD5219B7D7500CCA521 /* pileup.cpp */,
				F1DB7AD7219B7E6500CCA521 /* sv.h */,
				F194ED361F25B3C900489E0C /* sv.cpp */,
				F1FEF26B21B5FC2A007EF4D7 /* out_vcf.h */,
				F194ED381F2623BB00489E0C /* out_vcf.cpp */,
			);
			path = muCNV;
			sourceTree = "<group>";
		};
/* End PBXGroup section */

/* Begin PBXNativeTarget section */
		F138FD781CAD744A00CD5539 /* muCNV */ = {
			isa = PBXNativeTarget;
			buildConfigurationList = F138FD801CAD744A00CD5539 /* Build configuration list for PBXNativeTarget "muCNV" */;
			buildPhases = (
				F138FD751CAD744A00CD5539 /* Sources */,
				F138FD761CAD744A00CD5539 /* Frameworks */,
				F138FD771CAD744A00CD5539 /* CopyFiles */,
			);
			buildRules = (
			);
			dependencies = (
			);
			name = muCNV;
			productName = muCNV;
			productReference = F138FD791CAD744A00CD5539 /* muCNV */;
			productType = "com.apple.product-type.tool";
		};
/* End PBXNativeTarget section */

/* Begin PBXProject section */
		F138FD711CAD744A00CD5539 /* Project object */ = {
			isa = PBXProject;
			attributes = {
				LastUpgradeCheck = 1010;
				ORGANIZATIONNAME = "Goo Jun";
				TargetAttributes = {
					F138FD781CAD744A00CD5539 = {
						CreatedOnToolsVersion = 7.2.1;
					};
				};
			};
			buildConfigurationList = F138FD741CAD744A00CD5539 /* Build configuration list for PBXProject "muCNV" */;
			compatibilityVersion = "Xcode 8.0";
			developmentRegion = English;
			hasScannedForEncodings = 0;
			knownRegions = (
				en,
			);
			mainGroup = F138FD701CAD744A00CD5539;
			productRefGroup = F138FD7A1CAD744A00CD5539 /* Products */;
			projectDirPath = "";
			projectRoot = "";
			targets = (
				F138FD781CAD744A00CD5539 /* muCNV */,
			);
		};
/* End PBXProject section */

/* Begin PBXSourcesBuildPhase section */
		F138FD751CAD744A00CD5539 /* Sources */ = {
			isa = PBXSourcesBuildPhase;
			buildActionMask = 2147483647;
			files = (
				F194ED3B1F2708CC00489E0C /* gaussian.cpp in Sources */,
				F1FEF25A21A8A8ED007EF4D7 /* main_genotype.cpp in Sources */,
				F1FEF26921AB12CF007EF4D7 /* base_file.cpp in Sources */,
				F1FEF27121B609B8007EF4D7 /* gaussian_mixture.cpp in Sources */,
				F138FD8F1CAD74EE00CD5539 /* Error.cpp in Sources */,
				F1FEF25D21A8ABAE007EF4D7 /* main_print_pileup.cpp in Sources */,
				F1DB7AD6219B7D7500CCA521 /* pileup.cpp in Sources */,
				F138FD8B1CAD74EE00CD5539 /* cluster.cpp in Sources */,
				F194ED371F25B3C900489E0C /* sv.cpp in Sources */,
				F194ED351F25A41400489E0C /* genotyper.cpp in Sources */,
				F1FEF25F21A9D0B8007EF4D7 /* main_filter.cpp in Sources */,
				F1FEF25621A79495007EF4D7 /* main_pileup.cpp in Sources */,
				F13828731FCF36CC003ADE67 /* bam_cram.cpp in Sources */,
				F1FEF26621AB0DFD007EF4D7 /* data_reader.cpp in Sources */,
				F138FD8C1CAD74EE00CD5539 /* common.cpp in Sources */,
				F138FD7D1CAD744A00CD5539 /* main.cpp in Sources */,
				F1FEF26321A9F207007EF4D7 /* main_gcidx.cpp in Sources */,
				F138FD901CAD74EE00CD5539 /* in_vcf.cpp in Sources */,
				F1FEF25821A796E3007EF4D7 /* main_vcf_to_int.cpp in Sources */,
				F194ED391F2623BB00489E0C /* out_vcf.cpp in Sources */,
				F1FEF26121A9D320007EF4D7 /* main_merge_pileup.cpp in Sources */,
				F1FE1D90214F710F005673D3 /* gc_content.cpp in Sources */,
			);
			runOnlyForDeploymentPostprocessing = 0;
		};
/* End PBXSourcesBuildPhase section */

/* Begin XCBuildConfiguration section */
		F138FD7E1CAD744A00CD5539 /* Debug */ = {
			isa = XCBuildConfiguration;
			buildSettings = {
				ALWAYS_SEARCH_USER_PATHS = NO;
				CLANG_CXX_LANGUAGE_STANDARD = "gnu++0x";
				CLANG_CXX_LIBRARY = "libc++";
				CLANG_ENABLE_MODULES = YES;
				CLANG_ENABLE_OBJC_ARC = YES;
				CLANG_WARN_BLOCK_CAPTURE_AUTORELEASING = YES;
				CLANG_WARN_BOOL_CONVERSION = YES;
				CLANG_WARN_COMMA = YES;
				CLANG_WARN_CONSTANT_CONVERSION = YES;
				CLANG_WARN_DEPRECATED_OBJC_IMPLEMENTATIONS = YES;
				CLANG_WARN_DIRECT_OBJC_ISA_USAGE = YES_ERROR;
				CLANG_WARN_EMPTY_BODY = YES;
				CLANG_WARN_ENUM_CONVERSION = YES;
				CLANG_WARN_INFINITE_RECURSION = YES;
				CLANG_WARN_INT_CONVERSION = YES;
				CLANG_WARN_NON_LITERAL_NULL_CONVERSION = YES;
				CLANG_WARN_OBJC_IMPLICIT_RETAIN_SELF = YES;
				CLANG_WARN_OBJC_LITERAL_CONVERSION = YES;
				CLANG_WARN_OBJC_ROOT_CLASS = YES_ERROR;
				CLANG_WARN_RANGE_LOOP_ANALYSIS = YES;
				CLANG_WARN_STRICT_PROTOTYPES = YES;
				CLANG_WARN_SUSPICIOUS_MOVE = YES;
				CLANG_WARN_UNREACHABLE_CODE = YES;
				CLANG_WARN__DUPLICATE_METHOD_MATCH = YES;
				CODE_SIGN_IDENTITY = "-";
				COPY_PHASE_STRIP = NO;
				DEBUG_INFORMATION_FORMAT = dwarf;
				ENABLE_STRICT_OBJC_MSGSEND = YES;
				ENABLE_TESTABILITY = YES;
				GCC_C_LANGUAGE_STANDARD = gnu99;
				GCC_DYNAMIC_NO_PIC = NO;
				GCC_NO_COMMON_BLOCKS = YES;
				GCC_OPTIMIZATION_LEVEL = 0;
				GCC_PREPROCESSOR_DEFINITIONS = (
					"DEBUG=1",
					"$(inherited)",
				);
				GCC_VERSION = "";
				GCC_WARN_64_TO_32_BIT_CONVERSION = YES;
				GCC_WARN_ABOUT_RETURN_TYPE = YES_ERROR;
				GCC_WARN_UNDECLARED_SELECTOR = YES;
				GCC_WARN_UNINITIALIZED_AUTOS = YES_AGGRESSIVE;
				GCC_WARN_UNUSED_FUNCTION = YES;
				GCC_WARN_UNUSED_VARIABLE = YES;
				HEADER_SEARCH_PATHS = (
					/usr/local/include/,
					tabix,
					"tclap-1.2.1/include",
				);
				MACOSX_DEPLOYMENT_TARGET = 10.11;
				MTL_ENABLE_DEBUG_INFO = YES;
				New_Setting = "";
				ONLY_ACTIVE_ARCH = YES;
				SDKROOT = macosx;
			};
			name = Debug;
		};
		F138FD7F1CAD744A00CD5539 /* Release */ = {
			isa = XCBuildConfiguration;
			buildSettings = {
				ALWAYS_SEARCH_USER_PATHS = NO;
				CLANG_CXX_LANGUAGE_STANDARD = "gnu++0x";
				CLANG_CXX_LIBRARY = "libc++";
				CLANG_ENABLE_MODULES = YES;
				CLANG_ENABLE_OBJC_ARC = YES;
				CLANG_WARN_BLOCK_CAPTURE_AUTORELEASING = YES;
				CLANG_WARN_BOOL_CONVERSION = YES;
				CLANG_WARN_COMMA = YES;
				CLANG_WARN_CONSTANT_CONVERSION = YES;
				CLANG_WARN_DEPRECATED_OBJC_IMPLEMENTATIONS = YES;
				CLANG_WARN_DIRECT_OBJC_ISA_USAGE = YES_ERROR;
				CLANG_WARN_EMPTY_BODY = YES;
				CLANG_WARN_ENUM_CONVERSION = YES;
				CLANG_WARN_INFINITE_RECURSION = YES;
				CLANG_WARN_INT_CONVERSION = YES;
				CLANG_WARN_NON_LITERAL_NULL_CONVERSION = YES;
				CLANG_WARN_OBJC_IMPLICIT_RETAIN_SELF = YES;
				CLANG_WARN_OBJC_LITERAL_CONVERSION = YES;
				CLANG_WARN_OBJC_ROOT_CLASS = YES_ERROR;
				CLANG_WARN_RANGE_LOOP_ANALYSIS = YES;
				CLANG_WARN_STRICT_PROTOTYPES = YES;
				CLANG_WARN_SUSPICIOUS_MOVE = YES;
				CLANG_WARN_UNREACHABLE_CODE = YES;
				CLANG_WARN__DUPLICATE_METHOD_MATCH = YES;
				CODE_SIGN_IDENTITY = "-";
				COPY_PHASE_STRIP = NO;
				DEBUG_INFORMATION_FORMAT = "dwarf-with-dsym";
				ENABLE_NS_ASSERTIONS = NO;
				ENABLE_STRICT_OBJC_MSGSEND = YES;
				GCC_C_LANGUAGE_STANDARD = gnu99;
				GCC_NO_COMMON_BLOCKS = YES;
				GCC_VERSION = "";
				GCC_WARN_64_TO_32_BIT_CONVERSION = YES;
				GCC_WARN_ABOUT_RETURN_TYPE = YES_ERROR;
				GCC_WARN_UNDECLARED_SELECTOR = YES;
				GCC_WARN_UNINITIALIZED_AUTOS = YES_AGGRESSIVE;
				GCC_WARN_UNUSED_FUNCTION = YES;
				GCC_WARN_UNUSED_VARIABLE = YES;
				HEADER_SEARCH_PATHS = (
					/usr/local/include/,
					tabix,
					"tclap-1.2.1/include",
				);
				MACOSX_DEPLOYMENT_TARGET = 10.11;
				MTL_ENABLE_DEBUG_INFO = NO;
				New_Setting = "";
				SDKROOT = macosx;
			};
			name = Release;
		};
		F138FD811CAD744A00CD5539 /* Debug */ = {
			isa = XCBuildConfiguration;
			buildSettings = {
				CLANG_CXX_LANGUAGE_STANDARD = "c++0x";
				HEADER_SEARCH_PATHS = (
					"tclap-1.2.1/include",
					tabix,
					/usr/local/include,
				);
				LIBRARY_SEARCH_PATHS = (
					"$(inherited)",
					/usr/local/lib,
					"$(PROJECT_DIR)/lib",
					"$(PROJECT_DIR)/tabix",
				);
				PRODUCT_NAME = "$(TARGET_NAME)";
			};
			name = Debug;
		};
		F138FD821CAD744A00CD5539 /* Release */ = {
			isa = XCBuildConfiguration;
			buildSettings = {
				CLANG_CXX_LANGUAGE_STANDARD = "c++0x";
				HEADER_SEARCH_PATHS = (
					"tclap-1.2.1/include",
					tabix,
					/usr/local/include,
				);
				LIBRARY_SEARCH_PATHS = (
					"$(inherited)",
					/usr/local/lib,
					"$(PROJECT_DIR)/lib",
					"$(PROJECT_DIR)/tabix",
				);
				PRODUCT_NAME = "$(TARGET_NAME)";
			};
			name = Release;
		};
/* End XCBuildConfiguration section */

/* Begin XCConfigurationList section */
		F138FD741CAD744A00CD5539 /* Build configuration list for PBXProject "muCNV" */ = {
			isa = XCConfigurationList;
			buildConfigurations = (
				F138FD7E1CAD744A00CD5539 /* Debug */,
				F138FD7F1CAD744A00CD5539 /* Release */,
			);
			defaultConfigurationIsVisible = 0;
			defaultConfigurationName = Release;
		};
		F138FD801CAD744A00CD5539 /* Build configuration list for PBXNativeTarget "muCNV" */ = {
			isa = XCConfigurationList;
			buildConfigurations = (
				F138FD811CAD744A00CD5539 /* Debug */,
				F138FD821CAD744A00CD5539 /* Release */,
			);
			defaultConfigurationIsVisible = 0;
			defaultConfigurationName = Release;
		};
/* End XCConfigurationList section */
	};
	rootObject = F138FD711CAD744A00CD5539 /* Project object */;
}
